// !$*UTF8*$!
{
	archiveVersion = 1;
	classes = {
	};
	objectVersion = 46;
	objects = {

/* Begin PBXBuildFile section */
		28A533C01ACF688A0049B3F7 /* main.m in Sources */ = {isa = PBXBuildFile; fileRef = 28A533BF1ACF688A0049B3F7 /* main.m */; };
		28A533C31ACF688A0049B3F7 /* AppDelegate.m in Sources */ = {isa = PBXBuildFile; fileRef = 28A533C21ACF688A0049B3F7 /* AppDelegate.m */; };
		28A533C91ACF688A0049B3F7 /* Main.storyboard in Resources */ = {isa = PBXBuildFile; fileRef = 28A533C71ACF688A0049B3F7 /* Main.storyboard */; };
		28A533CB1ACF688A0049B3F7 /* Images.xcassets in Resources */ = {isa = PBXBuildFile; fileRef = 28A533CA1ACF688A0049B3F7 /* Images.xcassets */; };
		28A533CE1ACF688A0049B3F7 /* LaunchScreen.xib in Resources */ = {isa = PBXBuildFile; fileRef = 28A533CC1ACF688A0049B3F7 /* LaunchScreen.xib */; };
		28A533DA1ACF688A0049B3F7 /* StockTests.m in Sources */ = {isa = PBXBuildFile; fileRef = 28A533D91ACF688A0049B3F7 /* StockTests.m */; };
		28A533E91ACF697C0049B3F7 /* LXDate+RailsTimeConverter.m in Sources */ = {isa = PBXBuildFile; fileRef = 28A533E81ACF697C0049B3F7 /* LXDate+RailsTimeConverter.m */; };
		28A533EE1ACF69850049B3F7 /* LXServer.m in Sources */ = {isa = PBXBuildFile; fileRef = 28A533EB1ACF69850049B3F7 /* LXServer.m */; };
		28A533EF1ACF69850049B3F7 /* LXSession.m in Sources */ = {isa = PBXBuildFile; fileRef = 28A533ED1ACF69850049B3F7 /* LXSession.m */; };
		28A533F21ACF698F0049B3F7 /* LXString+NSString.m in Sources */ = {isa = PBXBuildFile; fileRef = 28A533F11ACF698F0049B3F7 /* LXString+NSString.m */; };
		28A533F91ACF699A0049B3F7 /* NSArray+Alphabet.m in Sources */ = {isa = PBXBuildFile; fileRef = 28A533F41ACF699A0049B3F7 /* NSArray+Alphabet.m */; };
		28A533FA1ACF699A0049B3F7 /* NSDictionary+Attributes.m in Sources */ = {isa = PBXBuildFile; fileRef = 28A533F61ACF699A0049B3F7 /* NSDictionary+Attributes.m */; };
		28A533FB1ACF699A0049B3F7 /* NSNumber+Helpers.m in Sources */ = {isa = PBXBuildFile; fileRef = 28A533F81ACF699A0049B3F7 /* NSNumber+Helpers.m */; };
		28A534001ACF69AF0049B3F7 /* UIImage+Helpers.m in Sources */ = {isa = PBXBuildFile; fileRef = 28A533FD1ACF69AF0049B3F7 /* UIImage+Helpers.m */; };
		28A534011ACF69AF0049B3F7 /* UILabel+Bold.m in Sources */ = {isa = PBXBuildFile; fileRef = 28A533FF1ACF69AF0049B3F7 /* UILabel+Bold.m */; };
		28A534041ACF6A440049B3F7 /* LXObjects.m in Sources */ = {isa = PBXBuildFile; fileRef = 28A534031ACF6A440049B3F7 /* LXObjects.m */; };
		28A534061ACF6F4E0049B3F7 /* Podfile in Resources */ = {isa = PBXBuildFile; fileRef = 28A534051ACF6F4E0049B3F7 /* Podfile */; };
		28A534091ACF75C70049B3F7 /* LXAddressBook.m in Sources */ = {isa = PBXBuildFile; fileRef = 28A534071ACF75C70049B3F7 /* LXAddressBook.m */; };
		28A5340C1AD0A64F0049B3F7 /* MobileLogin.storyboard in Resources */ = {isa = PBXBuildFile; fileRef = 28A5340B1AD0A64F0049B3F7 /* MobileLogin.storyboard */; };
		760829631B14B3790053E29F /* VSQuizPreviewViewController.m in Sources */ = {isa = PBXBuildFile; fileRef = 760829621B14B3790053E29F /* VSQuizPreviewViewController.m */; };
		760829661B14C2920053E29F /* VSTokenViewController.m in Sources */ = {isa = PBXBuildFile; fileRef = 760829651B14C2920053E29F /* VSTokenViewController.m */; };
		760829691B1641EB0053E29F /* VSDashboardViewController.m in Sources */ = {isa = PBXBuildFile; fileRef = 760829681B1641EA0053E29F /* VSDashboardViewController.m */; };
		7608296C1B16466F0053E29F /* VSLeaderTableViewCell.m in Sources */ = {isa = PBXBuildFile; fileRef = 7608296B1B16466F0053E29F /* VSLeaderTableViewCell.m */; };
		760829721B1791EC0053E29F /* VSForgotPasswordViewController.m in Sources */ = {isa = PBXBuildFile; fileRef = 760829711B1791EC0053E29F /* VSForgotPasswordViewController.m */; };
		760F5D501B0B78E50038FF1A /* VSEmptyTableViewCell.m in Sources */ = {isa = PBXBuildFile; fileRef = 760F5D4F1B0B78E50038FF1A /* VSEmptyTableViewCell.m */; };
		760F5D531B0B7AA80038FF1A /* VSQuizQuestionTableViewCell.m in Sources */ = {isa = PBXBuildFile; fileRef = 760F5D521B0B7AA80038FF1A /* VSQuizQuestionTableViewCell.m */; };
		760F5D561B0BAD900038FF1A /* VSQuizAnswerTableViewCell.m in Sources */ = {isa = PBXBuildFile; fileRef = 760F5D551B0BAD900038FF1A /* VSQuizAnswerTableViewCell.m */; };
		760F5D5C1B0BB30D0038FF1A /* VSButtonTableViewCell.m in Sources */ = {isa = PBXBuildFile; fileRef = 760F5D5B1B0BB30D0038FF1A /* VSButtonTableViewCell.m */; };
		760F5D661B0BCF4A0038FF1A /* VSQuizLandingViewController.m in Sources */ = {isa = PBXBuildFile; fileRef = 760F5D651B0BCF4A0038FF1A /* VSQuizLandingViewController.m */; };
		7636ED891B0E6AB500BD4E1A /* VSNoMissesQuizTableViewCell.m in Sources */ = {isa = PBXBuildFile; fileRef = 7636ED881B0E6AB500BD4E1A /* VSNoMissesQuizTableViewCell.m */; };
		7636ED8F1B0E6AFC00BD4E1A /* VSMissedQuestionTableViewCell.m in Sources */ = {isa = PBXBuildFile; fileRef = 7636ED8E1B0E6AFC00BD4E1A /* VSMissedQuestionTableViewCell.m */; };
		7664081E1B1E1383006272E8 /* VSCompletedTrackViewController.m in Sources */ = {isa = PBXBuildFile; fileRef = 7664081D1B1E1383006272E8 /* VSCompletedTrackViewController.m */; };
		766408211B1E146C006272E8 /* VSUsersCompletedTrackTableViewCell.m in Sources */ = {isa = PBXBuildFile; fileRef = 766408201B1E146C006272E8 /* VSUsersCompletedTrackTableViewCell.m */; };
		766408241B1E1AE0006272E8 /* VSSaveToMyTracksButton.m in Sources */ = {isa = PBXBuildFile; fileRef = 766408231B1E1AE0006272E8 /* VSSaveToMyTracksButton.m */; };
		7666FC2C1B06335600051C93 /* VSTrackTableViewCell.m in Sources */ = {isa = PBXBuildFile; fileRef = 7666FC2B1B06335600051C93 /* VSTrackTableViewCell.m */; };
		7666FC301B068B2300051C93 /* LXArrayObjects.m in Sources */ = {isa = PBXBuildFile; fileRef = 7666FC2F1B068B2300051C93 /* LXArrayObjects.m */; };
		7666FC331B0693CC00051C93 /* VSTrackViewController.m in Sources */ = {isa = PBXBuildFile; fileRef = 7666FC321B0693CC00051C93 /* VSTrackViewController.m */; };
		7666FC361B0697B000051C93 /* VSResourceTableViewCell.m in Sources */ = {isa = PBXBuildFile; fileRef = 7666FC351B0697B000051C93 /* VSResourceTableViewCell.m */; };
		7666FC3C1B0A8EA700051C93 /* VSDailyArticlesViewController.m in Sources */ = {isa = PBXBuildFile; fileRef = 7666FC3B1B0A8EA700051C93 /* VSDailyArticlesViewController.m */; };
		768CE0711B025A9800E1E2E6 /* VSSignupViewController.m in Sources */ = {isa = PBXBuildFile; fileRef = 768CE0701B025A9800E1E2E6 /* VSSignupViewController.m */; };
		768CE0771B026E1300E1E2E6 /* VSLoginViewController.m in Sources */ = {isa = PBXBuildFile; fileRef = 768CE0761B026E1300E1E2E6 /* VSLoginViewController.m */; };
		768CE08D1B03EED500E1E2E6 /* VSSidebarViewController.m in Sources */ = {isa = PBXBuildFile; fileRef = 768CE08C1B03EED500E1E2E6 /* VSSidebarViewController.m */; };
		768CE0901B03EF1900E1E2E6 /* VSAllTracksViewController.m in Sources */ = {isa = PBXBuildFile; fileRef = 768CE08F1B03EF1900E1E2E6 /* VSAllTracksViewController.m */; };
		768CE0931B03EF5000E1E2E6 /* VSMyTracksViewController.m in Sources */ = {isa = PBXBuildFile; fileRef = 768CE0921B03EF5000E1E2E6 /* VSMyTracksViewController.m */; };
		768CE0961B03EF7E00E1E2E6 /* VSQuizQuestionViewController.m in Sources */ = {isa = PBXBuildFile; fileRef = 768CE0951B03EF7E00E1E2E6 /* VSQuizQuestionViewController.m */; };
		768CE09B1B03F05D00E1E2E6 /* SWRevealViewController.m in Sources */ = {isa = PBXBuildFile; fileRef = 768CE09A1B03F05D00E1E2E6 /* SWRevealViewController.m */; };
		76DB3F271B0D2428004EE88A /* VSQuizResultsViewController.m in Sources */ = {isa = PBXBuildFile; fileRef = 76DB3F261B0D2428004EE88A /* VSQuizResultsViewController.m */; };
		76DB3F2D1B0D3D8B004EE88A /* VSOverallResultsTableViewCell.m in Sources */ = {isa = PBXBuildFile; fileRef = 76DB3F2C1B0D3D8B004EE88A /* VSOverallResultsTableViewCell.m */; };
		76DB3F301B0D4058004EE88A /* NSMutableArray+Attributes.m in Sources */ = {isa = PBXBuildFile; fileRef = 76DB3F2F1B0D4058004EE88A /* NSMutableArray+Attributes.m */; };
		B9793DD86EF509AA8FD8F674 /* libPods.a in Frameworks */ = {isa = PBXBuildFile; fileRef = A3F455122FD9049861339E9F /* libPods.a */; };
/* End PBXBuildFile section */

/* Begin PBXContainerItemProxy section */
		28A533D41ACF688A0049B3F7 /* PBXContainerItemProxy */ = {
			isa = PBXContainerItemProxy;
			containerPortal = 28A533B21ACF688A0049B3F7 /* Project object */;
			proxyType = 1;
			remoteGlobalIDString = 28A533B91ACF688A0049B3F7;
			remoteInfo = Stock;
		};
/* End PBXContainerItemProxy section */

/* Begin PBXFileReference section */
		28A533BA1ACF688A0049B3F7 /* Versed.app */ = {isa = PBXFileReference; explicitFileType = wrapper.application; includeInIndex = 0; path = Versed.app; sourceTree = BUILT_PRODUCTS_DIR; };
		28A533BE1ACF688A0049B3F7 /* Info.plist */ = {isa = PBXFileReference; lastKnownFileType = text.plist.xml; path = Info.plist; sourceTree = "<group>"; };
		28A533BF1ACF688A0049B3F7 /* main.m */ = {isa = PBXFileReference; lastKnownFileType = sourcecode.c.objc; path = main.m; sourceTree = "<group>"; };
		28A533C11ACF688A0049B3F7 /* AppDelegate.h */ = {isa = PBXFileReference; lastKnownFileType = sourcecode.c.h; path = AppDelegate.h; sourceTree = "<group>"; };
		28A533C21ACF688A0049B3F7 /* AppDelegate.m */ = {isa = PBXFileReference; lastKnownFileType = sourcecode.c.objc; path = AppDelegate.m; sourceTree = "<group>"; };
		28A533C81ACF688A0049B3F7 /* Base */ = {isa = PBXFileReference; lastKnownFileType = file.storyboard; name = Base; path = Base.lproj/Main.storyboard; sourceTree = "<group>"; };
		28A533CA1ACF688A0049B3F7 /* Images.xcassets */ = {isa = PBXFileReference; lastKnownFileType = folder.assetcatalog; path = Images.xcassets; sourceTree = "<group>"; };
		28A533CD1ACF688A0049B3F7 /* Base */ = {isa = PBXFileReference; lastKnownFileType = file.xib; name = Base; path = Base.lproj/LaunchScreen.xib; sourceTree = "<group>"; };
		28A533D31ACF688A0049B3F7 /* VersedTests.xctest */ = {isa = PBXFileReference; explicitFileType = wrapper.cfbundle; includeInIndex = 0; path = VersedTests.xctest; sourceTree = BUILT_PRODUCTS_DIR; };
		28A533D81ACF688A0049B3F7 /* Info.plist */ = {isa = PBXFileReference; lastKnownFileType = text.plist.xml; path = Info.plist; sourceTree = "<group>"; };
		28A533D91ACF688A0049B3F7 /* StockTests.m */ = {isa = PBXFileReference; lastKnownFileType = sourcecode.c.objc; path = StockTests.m; sourceTree = "<group>"; };
		28A533E71ACF697C0049B3F7 /* LXDate+RailsTimeConverter.h */ = {isa = PBXFileReference; fileEncoding = 4; lastKnownFileType = sourcecode.c.h; path = "LXDate+RailsTimeConverter.h"; sourceTree = "<group>"; };
		28A533E81ACF697C0049B3F7 /* LXDate+RailsTimeConverter.m */ = {isa = PBXFileReference; fileEncoding = 4; lastKnownFileType = sourcecode.c.objc; path = "LXDate+RailsTimeConverter.m"; sourceTree = "<group>"; };
		28A533EA1ACF69850049B3F7 /* LXServer.h */ = {isa = PBXFileReference; fileEncoding = 4; lastKnownFileType = sourcecode.c.h; path = LXServer.h; sourceTree = "<group>"; };
		28A533EB1ACF69850049B3F7 /* LXServer.m */ = {isa = PBXFileReference; fileEncoding = 4; lastKnownFileType = sourcecode.c.objc; path = LXServer.m; sourceTree = "<group>"; };
		28A533EC1ACF69850049B3F7 /* LXSession.h */ = {isa = PBXFileReference; fileEncoding = 4; lastKnownFileType = sourcecode.c.h; path = LXSession.h; sourceTree = "<group>"; };
		28A533ED1ACF69850049B3F7 /* LXSession.m */ = {isa = PBXFileReference; fileEncoding = 4; lastKnownFileType = sourcecode.c.objc; path = LXSession.m; sourceTree = "<group>"; };
		28A533F01ACF698F0049B3F7 /* LXString+NSString.h */ = {isa = PBXFileReference; fileEncoding = 4; lastKnownFileType = sourcecode.c.h; path = "LXString+NSString.h"; sourceTree = "<group>"; };
		28A533F11ACF698F0049B3F7 /* LXString+NSString.m */ = {isa = PBXFileReference; fileEncoding = 4; lastKnownFileType = sourcecode.c.objc; path = "LXString+NSString.m"; sourceTree = "<group>"; };
		28A533F31ACF699A0049B3F7 /* NSArray+Alphabet.h */ = {isa = PBXFileReference; fileEncoding = 4; lastKnownFileType = sourcecode.c.h; path = "NSArray+Alphabet.h"; sourceTree = "<group>"; };
		28A533F41ACF699A0049B3F7 /* NSArray+Alphabet.m */ = {isa = PBXFileReference; fileEncoding = 4; lastKnownFileType = sourcecode.c.objc; path = "NSArray+Alphabet.m"; sourceTree = "<group>"; };
		28A533F51ACF699A0049B3F7 /* NSDictionary+Attributes.h */ = {isa = PBXFileReference; fileEncoding = 4; lastKnownFileType = sourcecode.c.h; path = "NSDictionary+Attributes.h"; sourceTree = "<group>"; };
		28A533F61ACF699A0049B3F7 /* NSDictionary+Attributes.m */ = {isa = PBXFileReference; fileEncoding = 4; lastKnownFileType = sourcecode.c.objc; path = "NSDictionary+Attributes.m"; sourceTree = "<group>"; };
		28A533F71ACF699A0049B3F7 /* NSNumber+Helpers.h */ = {isa = PBXFileReference; fileEncoding = 4; lastKnownFileType = sourcecode.c.h; path = "NSNumber+Helpers.h"; sourceTree = "<group>"; };
		28A533F81ACF699A0049B3F7 /* NSNumber+Helpers.m */ = {isa = PBXFileReference; fileEncoding = 4; lastKnownFileType = sourcecode.c.objc; path = "NSNumber+Helpers.m"; sourceTree = "<group>"; };
		28A533FC1ACF69AF0049B3F7 /* UIImage+Helpers.h */ = {isa = PBXFileReference; fileEncoding = 4; lastKnownFileType = sourcecode.c.h; path = "UIImage+Helpers.h"; sourceTree = "<group>"; };
		28A533FD1ACF69AF0049B3F7 /* UIImage+Helpers.m */ = {isa = PBXFileReference; fileEncoding = 4; lastKnownFileType = sourcecode.c.objc; path = "UIImage+Helpers.m"; sourceTree = "<group>"; };
		28A533FE1ACF69AF0049B3F7 /* UILabel+Bold.h */ = {isa = PBXFileReference; fileEncoding = 4; lastKnownFileType = sourcecode.c.h; path = "UILabel+Bold.h"; sourceTree = "<group>"; };
		28A533FF1ACF69AF0049B3F7 /* UILabel+Bold.m */ = {isa = PBXFileReference; fileEncoding = 4; lastKnownFileType = sourcecode.c.objc; path = "UILabel+Bold.m"; sourceTree = "<group>"; };
		28A534021ACF6A440049B3F7 /* LXObjects.h */ = {isa = PBXFileReference; fileEncoding = 4; lastKnownFileType = sourcecode.c.h; path = LXObjects.h; sourceTree = "<group>"; };
		28A534031ACF6A440049B3F7 /* LXObjects.m */ = {isa = PBXFileReference; fileEncoding = 4; lastKnownFileType = sourcecode.c.objc; path = LXObjects.m; sourceTree = "<group>"; };
		28A534051ACF6F4E0049B3F7 /* Podfile */ = {isa = PBXFileReference; fileEncoding = 4; lastKnownFileType = text; path = Podfile; sourceTree = "<group>"; xcLanguageSpecificationIdentifier = xcode.lang.ruby; };
		28A534071ACF75C70049B3F7 /* LXAddressBook.m */ = {isa = PBXFileReference; fileEncoding = 4; lastKnownFileType = sourcecode.c.objc; path = LXAddressBook.m; sourceTree = "<group>"; };
		28A534081ACF75C70049B3F7 /* LXAddressBook.h */ = {isa = PBXFileReference; fileEncoding = 4; lastKnownFileType = sourcecode.c.h; path = LXAddressBook.h; sourceTree = "<group>"; };
		28A5340A1ACF76890049B3F7 /* App-Prefix.pch */ = {isa = PBXFileReference; lastKnownFileType = sourcecode.c.h; path = "App-Prefix.pch"; sourceTree = "<group>"; };
		28A5340B1AD0A64F0049B3F7 /* MobileLogin.storyboard */ = {isa = PBXFileReference; fileEncoding = 4; lastKnownFileType = file.storyboard; path = MobileLogin.storyboard; sourceTree = "<group>"; };
		482B486F1AD55514B9E2B5F0 /* Pods.release.xcconfig */ = {isa = PBXFileReference; includeInIndex = 1; lastKnownFileType = text.xcconfig; name = Pods.release.xcconfig; path = "Pods/Target Support Files/Pods/Pods.release.xcconfig"; sourceTree = "<group>"; };
		760829611B14B3790053E29F /* VSQuizPreviewViewController.h */ = {isa = PBXFileReference; fileEncoding = 4; lastKnownFileType = sourcecode.c.h; path = VSQuizPreviewViewController.h; sourceTree = "<group>"; };
		760829621B14B3790053E29F /* VSQuizPreviewViewController.m */ = {isa = PBXFileReference; fileEncoding = 4; lastKnownFileType = sourcecode.c.objc; path = VSQuizPreviewViewController.m; sourceTree = "<group>"; };
		760829641B14C2920053E29F /* VSTokenViewController.h */ = {isa = PBXFileReference; fileEncoding = 4; lastKnownFileType = sourcecode.c.h; path = VSTokenViewController.h; sourceTree = "<group>"; };
		760829651B14C2920053E29F /* VSTokenViewController.m */ = {isa = PBXFileReference; fileEncoding = 4; lastKnownFileType = sourcecode.c.objc; path = VSTokenViewController.m; sourceTree = "<group>"; };
		760829671B1641EA0053E29F /* VSDashboardViewController.h */ = {isa = PBXFileReference; fileEncoding = 4; lastKnownFileType = sourcecode.c.h; path = VSDashboardViewController.h; sourceTree = "<group>"; };
		760829681B1641EA0053E29F /* VSDashboardViewController.m */ = {isa = PBXFileReference; fileEncoding = 4; lastKnownFileType = sourcecode.c.objc; path = VSDashboardViewController.m; sourceTree = "<group>"; };
		7608296A1B16466F0053E29F /* VSLeaderTableViewCell.h */ = {isa = PBXFileReference; fileEncoding = 4; lastKnownFileType = sourcecode.c.h; path = VSLeaderTableViewCell.h; sourceTree = "<group>"; };
		7608296B1B16466F0053E29F /* VSLeaderTableViewCell.m */ = {isa = PBXFileReference; fileEncoding = 4; lastKnownFileType = sourcecode.c.objc; path = VSLeaderTableViewCell.m; sourceTree = "<group>"; };
		760829701B1791EC0053E29F /* VSForgotPasswordViewController.h */ = {isa = PBXFileReference; fileEncoding = 4; lastKnownFileType = sourcecode.c.h; path = VSForgotPasswordViewController.h; sourceTree = "<group>"; };
		760829711B1791EC0053E29F /* VSForgotPasswordViewController.m */ = {isa = PBXFileReference; fileEncoding = 4; lastKnownFileType = sourcecode.c.objc; path = VSForgotPasswordViewController.m; sourceTree = "<group>"; };
		760F5D4E1B0B78E50038FF1A /* VSEmptyTableViewCell.h */ = {isa = PBXFileReference; fileEncoding = 4; lastKnownFileType = sourcecode.c.h; path = VSEmptyTableViewCell.h; sourceTree = "<group>"; };
		760F5D4F1B0B78E50038FF1A /* VSEmptyTableViewCell.m */ = {isa = PBXFileReference; fileEncoding = 4; lastKnownFileType = sourcecode.c.objc; path = VSEmptyTableViewCell.m; sourceTree = "<group>"; };
		760F5D511B0B7AA80038FF1A /* VSQuizQuestionTableViewCell.h */ = {isa = PBXFileReference; fileEncoding = 4; lastKnownFileType = sourcecode.c.h; path = VSQuizQuestionTableViewCell.h; sourceTree = "<group>"; };
		760F5D521B0B7AA80038FF1A /* VSQuizQuestionTableViewCell.m */ = {isa = PBXFileReference; fileEncoding = 4; lastKnownFileType = sourcecode.c.objc; path = VSQuizQuestionTableViewCell.m; sourceTree = "<group>"; };
		760F5D541B0BAD900038FF1A /* VSQuizAnswerTableViewCell.h */ = {isa = PBXFileReference; fileEncoding = 4; lastKnownFileType = sourcecode.c.h; path = VSQuizAnswerTableViewCell.h; sourceTree = "<group>"; };
		760F5D551B0BAD900038FF1A /* VSQuizAnswerTableViewCell.m */ = {isa = PBXFileReference; fileEncoding = 4; lastKnownFileType = sourcecode.c.objc; path = VSQuizAnswerTableViewCell.m; sourceTree = "<group>"; };
		760F5D5A1B0BB30D0038FF1A /* VSButtonTableViewCell.h */ = {isa = PBXFileReference; fileEncoding = 4; lastKnownFileType = sourcecode.c.h; path = VSButtonTableViewCell.h; sourceTree = "<group>"; };
		760F5D5B1B0BB30D0038FF1A /* VSButtonTableViewCell.m */ = {isa = PBXFileReference; fileEncoding = 4; lastKnownFileType = sourcecode.c.objc; path = VSButtonTableViewCell.m; sourceTree = "<group>"; };
		760F5D641B0BCF4A0038FF1A /* VSQuizLandingViewController.h */ = {isa = PBXFileReference; fileEncoding = 4; lastKnownFileType = sourcecode.c.h; path = VSQuizLandingViewController.h; sourceTree = "<group>"; };
		760F5D651B0BCF4A0038FF1A /* VSQuizLandingViewController.m */ = {isa = PBXFileReference; fileEncoding = 4; lastKnownFileType = sourcecode.c.objc; path = VSQuizLandingViewController.m; sourceTree = "<group>"; };
		7636ED871B0E6AB500BD4E1A /* VSNoMissesQuizTableViewCell.h */ = {isa = PBXFileReference; fileEncoding = 4; lastKnownFileType = sourcecode.c.h; path = VSNoMissesQuizTableViewCell.h; sourceTree = "<group>"; };
		7636ED881B0E6AB500BD4E1A /* VSNoMissesQuizTableViewCell.m */ = {isa = PBXFileReference; fileEncoding = 4; lastKnownFileType = sourcecode.c.objc; path = VSNoMissesQuizTableViewCell.m; sourceTree = "<group>"; };
		7636ED8D1B0E6AFC00BD4E1A /* VSMissedQuestionTableViewCell.h */ = {isa = PBXFileReference; fileEncoding = 4; lastKnownFileType = sourcecode.c.h; path = VSMissedQuestionTableViewCell.h; sourceTree = "<group>"; };
		7636ED8E1B0E6AFC00BD4E1A /* VSMissedQuestionTableViewCell.m */ = {isa = PBXFileReference; fileEncoding = 4; lastKnownFileType = sourcecode.c.objc; path = VSMissedQuestionTableViewCell.m; sourceTree = "<group>"; };
		7664081C1B1E1383006272E8 /* VSCompletedTrackViewController.h */ = {isa = PBXFileReference; fileEncoding = 4; lastKnownFileType = sourcecode.c.h; path = VSCompletedTrackViewController.h; sourceTree = "<group>"; };
		7664081D1B1E1383006272E8 /* VSCompletedTrackViewController.m */ = {isa = PBXFileReference; fileEncoding = 4; lastKnownFileType = sourcecode.c.objc; path = VSCompletedTrackViewController.m; sourceTree = "<group>"; };
		7664081F1B1E146C006272E8 /* VSUsersCompletedTrackTableViewCell.h */ = {isa = PBXFileReference; fileEncoding = 4; lastKnownFileType = sourcecode.c.h; path = VSUsersCompletedTrackTableViewCell.h; sourceTree = "<group>"; };
		766408201B1E146C006272E8 /* VSUsersCompletedTrackTableViewCell.m */ = {isa = PBXFileReference; fileEncoding = 4; lastKnownFileType = sourcecode.c.objc; path = VSUsersCompletedTrackTableViewCell.m; sourceTree = "<group>"; };
		766408221B1E1AE0006272E8 /* VSSaveToMyTracksButton.h */ = {isa = PBXFileReference; fileEncoding = 4; lastKnownFileType = sourcecode.c.h; path = VSSaveToMyTracksButton.h; sourceTree = "<group>"; };
		766408231B1E1AE0006272E8 /* VSSaveToMyTracksButton.m */ = {isa = PBXFileReference; fileEncoding = 4; lastKnownFileType = sourcecode.c.objc; path = VSSaveToMyTracksButton.m; sourceTree = "<group>"; };
		7666FC2A1B06335600051C93 /* VSTrackTableViewCell.h */ = {isa = PBXFileReference; fileEncoding = 4; lastKnownFileType = sourcecode.c.h; path = VSTrackTableViewCell.h; sourceTree = "<group>"; };
		7666FC2B1B06335600051C93 /* VSTrackTableViewCell.m */ = {isa = PBXFileReference; fileEncoding = 4; lastKnownFileType = sourcecode.c.objc; path = VSTrackTableViewCell.m; sourceTree = "<group>"; };
		7666FC2E1B068B2300051C93 /* LXArrayObjects.h */ = {isa = PBXFileReference; fileEncoding = 4; lastKnownFileType = sourcecode.c.h; path = LXArrayObjects.h; sourceTree = "<group>"; };
		7666FC2F1B068B2300051C93 /* LXArrayObjects.m */ = {isa = PBXFileReference; fileEncoding = 4; lastKnownFileType = sourcecode.c.objc; path = LXArrayObjects.m; sourceTree = "<group>"; };
		7666FC311B0693CC00051C93 /* VSTrackViewController.h */ = {isa = PBXFileReference; fileEncoding = 4; lastKnownFileType = sourcecode.c.h; path = VSTrackViewController.h; sourceTree = "<group>"; };
		7666FC321B0693CC00051C93 /* VSTrackViewController.m */ = {isa = PBXFileReference; fileEncoding = 4; lastKnownFileType = sourcecode.c.objc; path = VSTrackViewController.m; sourceTree = "<group>"; };
		7666FC341B0697B000051C93 /* VSResourceTableViewCell.h */ = {isa = PBXFileReference; fileEncoding = 4; lastKnownFileType = sourcecode.c.h; path = VSResourceTableViewCell.h; sourceTree = "<group>"; };
		7666FC351B0697B000051C93 /* VSResourceTableViewCell.m */ = {isa = PBXFileReference; fileEncoding = 4; lastKnownFileType = sourcecode.c.objc; path = VSResourceTableViewCell.m; sourceTree = "<group>"; };
		7666FC3A1B0A8EA700051C93 /* VSDailyArticlesViewController.h */ = {isa = PBXFileReference; fileEncoding = 4; lastKnownFileType = sourcecode.c.h; path = VSDailyArticlesViewController.h; sourceTree = "<group>"; };
		7666FC3B1B0A8EA700051C93 /* VSDailyArticlesViewController.m */ = {isa = PBXFileReference; fileEncoding = 4; lastKnownFileType = sourcecode.c.objc; path = VSDailyArticlesViewController.m; sourceTree = "<group>"; };
		768CE06F1B025A9800E1E2E6 /* VSSignupViewController.h */ = {isa = PBXFileReference; fileEncoding = 4; lastKnownFileType = sourcecode.c.h; path = VSSignupViewController.h; sourceTree = "<group>"; };
		768CE0701B025A9800E1E2E6 /* VSSignupViewController.m */ = {isa = PBXFileReference; fileEncoding = 4; lastKnownFileType = sourcecode.c.objc; path = VSSignupViewController.m; sourceTree = "<group>"; };
		768CE0751B026E1300E1E2E6 /* VSLoginViewController.h */ = {isa = PBXFileReference; fileEncoding = 4; lastKnownFileType = sourcecode.c.h; path = VSLoginViewController.h; sourceTree = "<group>"; };
		768CE0761B026E1300E1E2E6 /* VSLoginViewController.m */ = {isa = PBXFileReference; fileEncoding = 4; lastKnownFileType = sourcecode.c.objc; path = VSLoginViewController.m; sourceTree = "<group>"; };
		768CE08B1B03EED500E1E2E6 /* VSSidebarViewController.h */ = {isa = PBXFileReference; fileEncoding = 4; lastKnownFileType = sourcecode.c.h; path = VSSidebarViewController.h; sourceTree = "<group>"; };
		768CE08C1B03EED500E1E2E6 /* VSSidebarViewController.m */ = {isa = PBXFileReference; fileEncoding = 4; lastKnownFileType = sourcecode.c.objc; path = VSSidebarViewController.m; sourceTree = "<group>"; };
		768CE08E1B03EF1900E1E2E6 /* VSAllTracksViewController.h */ = {isa = PBXFileReference; fileEncoding = 4; lastKnownFileType = sourcecode.c.h; path = VSAllTracksViewController.h; sourceTree = "<group>"; };
		768CE08F1B03EF1900E1E2E6 /* VSAllTracksViewController.m */ = {isa = PBXFileReference; fileEncoding = 4; lastKnownFileType = sourcecode.c.objc; path = VSAllTracksViewController.m; sourceTree = "<group>"; };
		768CE0911B03EF5000E1E2E6 /* VSMyTracksViewController.h */ = {isa = PBXFileReference; fileEncoding = 4; lastKnownFileType = sourcecode.c.h; path = VSMyTracksViewController.h; sourceTree = "<group>"; };
		768CE0921B03EF5000E1E2E6 /* VSMyTracksViewController.m */ = {isa = PBXFileReference; fileEncoding = 4; lastKnownFileType = sourcecode.c.objc; path = VSMyTracksViewController.m; sourceTree = "<group>"; };
		768CE0941B03EF7E00E1E2E6 /* VSQuizQuestionViewController.h */ = {isa = PBXFileReference; fileEncoding = 4; lastKnownFileType = sourcecode.c.h; path = VSQuizQuestionViewController.h; sourceTree = "<group>"; };
		768CE0951B03EF7E00E1E2E6 /* VSQuizQuestionViewController.m */ = {isa = PBXFileReference; fileEncoding = 4; lastKnownFileType = sourcecode.c.objc; path = VSQuizQuestionViewController.m; sourceTree = "<group>"; };
		768CE0991B03F05D00E1E2E6 /* SWRevealViewController.h */ = {isa = PBXFileReference; fileEncoding = 4; lastKnownFileType = sourcecode.c.h; path = SWRevealViewController.h; sourceTree = "<group>"; };
		768CE09A1B03F05D00E1E2E6 /* SWRevealViewController.m */ = {isa = PBXFileReference; fileEncoding = 4; lastKnownFileType = sourcecode.c.objc; path = SWRevealViewController.m; sourceTree = "<group>"; };
		76DB3F251B0D2428004EE88A /* VSQuizResultsViewController.h */ = {isa = PBXFileReference; fileEncoding = 4; lastKnownFileType = sourcecode.c.h; path = VSQuizResultsViewController.h; sourceTree = "<group>"; };
		76DB3F261B0D2428004EE88A /* VSQuizResultsViewController.m */ = {isa = PBXFileReference; fileEncoding = 4; lastKnownFileType = sourcecode.c.objc; path = VSQuizResultsViewController.m; sourceTree = "<group>"; };
		76DB3F2B1B0D3D8B004EE88A /* VSOverallResultsTableViewCell.h */ = {isa = PBXFileReference; fileEncoding = 4; lastKnownFileType = sourcecode.c.h; path = VSOverallResultsTableViewCell.h; sourceTree = "<group>"; };
		76DB3F2C1B0D3D8B004EE88A /* VSOverallResultsTableViewCell.m */ = {isa = PBXFileReference; fileEncoding = 4; lastKnownFileType = sourcecode.c.objc; path = VSOverallResultsTableViewCell.m; sourceTree = "<group>"; };
		76DB3F2E1B0D4058004EE88A /* NSMutableArray+Attributes.h */ = {isa = PBXFileReference; fileEncoding = 4; lastKnownFileType = sourcecode.c.h; path = "NSMutableArray+Attributes.h"; sourceTree = "<group>"; };
		76DB3F2F1B0D4058004EE88A /* NSMutableArray+Attributes.m */ = {isa = PBXFileReference; fileEncoding = 4; lastKnownFileType = sourcecode.c.objc; path = "NSMutableArray+Attributes.m"; sourceTree = "<group>"; };
		832108382003574B881C950B /* Pods.debug.xcconfig */ = {isa = PBXFileReference; includeInIndex = 1; lastKnownFileType = text.xcconfig; name = Pods.debug.xcconfig; path = "Pods/Target Support Files/Pods/Pods.debug.xcconfig"; sourceTree = "<group>"; };
		A3F455122FD9049861339E9F /* libPods.a */ = {isa = PBXFileReference; explicitFileType = archive.ar; includeInIndex = 0; path = libPods.a; sourceTree = BUILT_PRODUCTS_DIR; };
/* End PBXFileReference section */

/* Begin PBXFrameworksBuildPhase section */
		28A533B71ACF688A0049B3F7 /* Frameworks */ = {
			isa = PBXFrameworksBuildPhase;
			buildActionMask = 2147483647;
			files = (
				B9793DD86EF509AA8FD8F674 /* libPods.a in Frameworks */,
			);
			runOnlyForDeploymentPostprocessing = 0;
		};
		28A533D01ACF688A0049B3F7 /* Frameworks */ = {
			isa = PBXFrameworksBuildPhase;
			buildActionMask = 2147483647;
			files = (
			);
			runOnlyForDeploymentPostprocessing = 0;
		};
/* End PBXFrameworksBuildPhase section */

/* Begin PBXGroup section */
		28A533B11ACF688A0049B3F7 = {
			isa = PBXGroup;
			children = (
				28A534051ACF6F4E0049B3F7 /* Podfile */,
				28A533BC1ACF688A0049B3F7 /* Versed */,
				28A533D61ACF688A0049B3F7 /* StockTests */,
				28A533BB1ACF688A0049B3F7 /* Products */,
				75F0E32BE7AF05504341CD5F /* Pods */,
				3BD7EADEBCAD2B0EA301051B /* Frameworks */,
			);
			sourceTree = "<group>";
		};
		28A533BB1ACF688A0049B3F7 /* Products */ = {
			isa = PBXGroup;
			children = (
				28A533BA1ACF688A0049B3F7 /* Versed.app */,
				28A533D31ACF688A0049B3F7 /* VersedTests.xctest */,
			);
			name = Products;
			sourceTree = "<group>";
		};
		28A533BC1ACF688A0049B3F7 /* Versed */ = {
			isa = PBXGroup;
			children = (
				28A5340D1AD0A6CC0049B3F7 /* Login/Signup */,
				760F5D4C1B0B715A0038FF1A /* Track */,
				760F5D4B1B0B71280038FF1A /* Menu Options */,
				768CE07E1B03BADC00E1E2E6 /* Sidebar */,
				28A533E31ACF69400049B3F7 /* LXV */,
				7666FC2D1B06335E00051C93 /* TableViewCells */,
				768CE09C1B03F06300E1E2E6 /* SWRevealViewController */,
				28A533C11ACF688A0049B3F7 /* AppDelegate.h */,
				28A533C21ACF688A0049B3F7 /* AppDelegate.m */,
				28A5340B1AD0A64F0049B3F7 /* MobileLogin.storyboard */,
				28A533C71ACF688A0049B3F7 /* Main.storyboard */,
				28A533CA1ACF688A0049B3F7 /* Images.xcassets */,
				28A533CC1ACF688A0049B3F7 /* LaunchScreen.xib */,
				28A533BD1ACF688A0049B3F7 /* Supporting Files */,
				28A5340A1ACF76890049B3F7 /* App-Prefix.pch */,
			);
			name = Versed;
			path = Stock;
			sourceTree = "<group>";
		};
		28A533BD1ACF688A0049B3F7 /* Supporting Files */ = {
			isa = PBXGroup;
			children = (
				28A533BE1ACF688A0049B3F7 /* Info.plist */,
				28A533BF1ACF688A0049B3F7 /* main.m */,
			);
			name = "Supporting Files";
			sourceTree = "<group>";
		};
		28A533D61ACF688A0049B3F7 /* StockTests */ = {
			isa = PBXGroup;
			children = (
				28A533D91ACF688A0049B3F7 /* StockTests.m */,
				28A533D71ACF688A0049B3F7 /* Supporting Files */,
			);
			path = StockTests;
			sourceTree = "<group>";
		};
		28A533D71ACF688A0049B3F7 /* Supporting Files */ = {
			isa = PBXGroup;
			children = (
				28A533D81ACF688A0049B3F7 /* Info.plist */,
			);
			name = "Supporting Files";
			sourceTree = "<group>";
		};
		28A533E31ACF69400049B3F7 /* LXV */ = {
			isa = PBXGroup;
			children = (
				28A533EC1ACF69850049B3F7 /* LXSession.h */,
				28A533ED1ACF69850049B3F7 /* LXSession.m */,
				28A533EA1ACF69850049B3F7 /* LXServer.h */,
				28A533EB1ACF69850049B3F7 /* LXServer.m */,
				28A534021ACF6A440049B3F7 /* LXObjects.h */,
				28A534031ACF6A440049B3F7 /* LXObjects.m */,
				7666FC2E1B068B2300051C93 /* LXArrayObjects.h */,
				7666FC2F1B068B2300051C93 /* LXArrayObjects.m */,
				76DB3F2E1B0D4058004EE88A /* NSMutableArray+Attributes.h */,
				76DB3F2F1B0D4058004EE88A /* NSMutableArray+Attributes.m */,
				28A533F51ACF699A0049B3F7 /* NSDictionary+Attributes.h */,
				28A533F61ACF699A0049B3F7 /* NSDictionary+Attributes.m */,
				28A533FC1ACF69AF0049B3F7 /* UIImage+Helpers.h */,
				28A533FD1ACF69AF0049B3F7 /* UIImage+Helpers.m */,
				28A533FE1ACF69AF0049B3F7 /* UILabel+Bold.h */,
				28A533FF1ACF69AF0049B3F7 /* UILabel+Bold.m */,
				28A533F31ACF699A0049B3F7 /* NSArray+Alphabet.h */,
				28A533F41ACF699A0049B3F7 /* NSArray+Alphabet.m */,
				28A533F71ACF699A0049B3F7 /* NSNumber+Helpers.h */,
				28A533F81ACF699A0049B3F7 /* NSNumber+Helpers.m */,
				28A533F01ACF698F0049B3F7 /* LXString+NSString.h */,
				28A533F11ACF698F0049B3F7 /* LXString+NSString.m */,
				28A533E71ACF697C0049B3F7 /* LXDate+RailsTimeConverter.h */,
				28A533E81ACF697C0049B3F7 /* LXDate+RailsTimeConverter.m */,
				28A534081ACF75C70049B3F7 /* LXAddressBook.h */,
				28A534071ACF75C70049B3F7 /* LXAddressBook.m */,
			);
			name = LXV;
			sourceTree = "<group>";
		};
		28A5340D1AD0A6CC0049B3F7 /* Login/Signup */ = {
			isa = PBXGroup;
			children = (
				768CE06F1B025A9800E1E2E6 /* VSSignupViewController.h */,
				768CE0701B025A9800E1E2E6 /* VSSignupViewController.m */,
				768CE0751B026E1300E1E2E6 /* VSLoginViewController.h */,
				768CE0761B026E1300E1E2E6 /* VSLoginViewController.m */,
				760829641B14C2920053E29F /* VSTokenViewController.h */,
				760829651B14C2920053E29F /* VSTokenViewController.m */,
				760829701B1791EC0053E29F /* VSForgotPasswordViewController.h */,
				760829711B1791EC0053E29F /* VSForgotPasswordViewController.m */,
			);
			name = Login/Signup;
			sourceTree = "<group>";
		};
		3BD7EADEBCAD2B0EA301051B /* Frameworks */ = {
			isa = PBXGroup;
			children = (
				A3F455122FD9049861339E9F /* libPods.a */,
			);
			name = Frameworks;
			sourceTree = "<group>";
		};
		75F0E32BE7AF05504341CD5F /* Pods */ = {
			isa = PBXGroup;
			children = (
				832108382003574B881C950B /* Pods.debug.xcconfig */,
				482B486F1AD55514B9E2B5F0 /* Pods.release.xcconfig */,
			);
			name = Pods;
			sourceTree = "<group>";
		};
		760F5D4B1B0B71280038FF1A /* Menu Options */ = {
			isa = PBXGroup;
			children = (
				7636ED911B0E7DD600BD4E1A /* All Tracks */,
				7636ED901B0E7DCD00BD4E1A /* My Tracks */,
				760F5D5D1B0BB6980038FF1A /* Quiz */,
				7636ED921B0E7DDE00BD4E1A /* Daily Articles */,
			);
			name = "Menu Options";
			sourceTree = "<group>";
		};
		760F5D4C1B0B715A0038FF1A /* Track */ = {
			isa = PBXGroup;
			children = (
				7666FC311B0693CC00051C93 /* VSTrackViewController.h */,
				7666FC321B0693CC00051C93 /* VSTrackViewController.m */,
				7664081C1B1E1383006272E8 /* VSCompletedTrackViewController.h */,
				7664081D1B1E1383006272E8 /* VSCompletedTrackViewController.m */,
				766408221B1E1AE0006272E8 /* VSSaveToMyTracksButton.h */,
				766408231B1E1AE0006272E8 /* VSSaveToMyTracksButton.m */,
			);
			name = Track;
			sourceTree = "<group>";
		};
		760F5D5D1B0BB6980038FF1A /* Quiz */ = {
			isa = PBXGroup;
			children = (
				768CE0941B03EF7E00E1E2E6 /* VSQuizQuestionViewController.h */,
				768CE0951B03EF7E00E1E2E6 /* VSQuizQuestionViewController.m */,
				760F5D641B0BCF4A0038FF1A /* VSQuizLandingViewController.h */,
				760F5D651B0BCF4A0038FF1A /* VSQuizLandingViewController.m */,
				760829611B14B3790053E29F /* VSQuizPreviewViewController.h */,
				760829621B14B3790053E29F /* VSQuizPreviewViewController.m */,
				76DB3F251B0D2428004EE88A /* VSQuizResultsViewController.h */,
				76DB3F261B0D2428004EE88A /* VSQuizResultsViewController.m */,
				760829671B1641EA0053E29F /* VSDashboardViewController.h */,
				760829681B1641EA0053E29F /* VSDashboardViewController.m */,
			);
			name = Quiz;
			sourceTree = "<group>";
		};
		7636ED901B0E7DCD00BD4E1A /* My Tracks */ = {
			isa = PBXGroup;
			children = (
				768CE0911B03EF5000E1E2E6 /* VSMyTracksViewController.h */,
				768CE0921B03EF5000E1E2E6 /* VSMyTracksViewController.m */,
			);
			name = "My Tracks";
			sourceTree = "<group>";
		};
		7636ED911B0E7DD600BD4E1A /* All Tracks */ = {
			isa = PBXGroup;
			children = (
				768CE08E1B03EF1900E1E2E6 /* VSAllTracksViewController.h */,
				768CE08F1B03EF1900E1E2E6 /* VSAllTracksViewController.m */,
			);
			name = "All Tracks";
			sourceTree = "<group>";
		};
		7636ED921B0E7DDE00BD4E1A /* Daily Articles */ = {
			isa = PBXGroup;
			children = (
				7666FC3A1B0A8EA700051C93 /* VSDailyArticlesViewController.h */,
				7666FC3B1B0A8EA700051C93 /* VSDailyArticlesViewController.m */,
			);
			name = "Daily Articles";
			sourceTree = "<group>";
		};
		7666FC2D1B06335E00051C93 /* TableViewCells */ = {
			isa = PBXGroup;
			children = (
				7666FC2A1B06335600051C93 /* VSTrackTableViewCell.h */,
				7666FC2B1B06335600051C93 /* VSTrackTableViewCell.m */,
				7666FC341B0697B000051C93 /* VSResourceTableViewCell.h */,
				7666FC351B0697B000051C93 /* VSResourceTableViewCell.m */,
				760F5D4E1B0B78E50038FF1A /* VSEmptyTableViewCell.h */,
				760F5D4F1B0B78E50038FF1A /* VSEmptyTableViewCell.m */,
				760F5D511B0B7AA80038FF1A /* VSQuizQuestionTableViewCell.h */,
				760F5D521B0B7AA80038FF1A /* VSQuizQuestionTableViewCell.m */,
				760F5D541B0BAD900038FF1A /* VSQuizAnswerTableViewCell.h */,
				760F5D551B0BAD900038FF1A /* VSQuizAnswerTableViewCell.m */,
				760F5D5B1B0BB30D0038FF1A /* VSButtonTableViewCell.m */,
				760F5D5A1B0BB30D0038FF1A /* VSButtonTableViewCell.h */,
				76DB3F2B1B0D3D8B004EE88A /* VSOverallResultsTableViewCell.h */,
				76DB3F2C1B0D3D8B004EE88A /* VSOverallResultsTableViewCell.m */,
				7636ED871B0E6AB500BD4E1A /* VSNoMissesQuizTableViewCell.h */,
				7636ED881B0E6AB500BD4E1A /* VSNoMissesQuizTableViewCell.m */,
				7636ED8D1B0E6AFC00BD4E1A /* VSMissedQuestionTableViewCell.h */,
				7636ED8E1B0E6AFC00BD4E1A /* VSMissedQuestionTableViewCell.m */,
				7608296A1B16466F0053E29F /* VSLeaderTableViewCell.h */,
				7608296B1B16466F0053E29F /* VSLeaderTableViewCell.m */,
				7664081F1B1E146C006272E8 /* VSUsersCompletedTrackTableViewCell.h */,
				766408201B1E146C006272E8 /* VSUsersCompletedTrackTableViewCell.m */,
			);
			name = TableViewCells;
			sourceTree = "<group>";
		};
		768CE07E1B03BADC00E1E2E6 /* Sidebar */ = {
			isa = PBXGroup;
			children = (
				768CE08B1B03EED500E1E2E6 /* VSSidebarViewController.h */,
				768CE08C1B03EED500E1E2E6 /* VSSidebarViewController.m */,
			);
			name = Sidebar;
			sourceTree = "<group>";
		};
		768CE09C1B03F06300E1E2E6 /* SWRevealViewController */ = {
			isa = PBXGroup;
			children = (
				768CE0991B03F05D00E1E2E6 /* SWRevealViewController.h */,
				768CE09A1B03F05D00E1E2E6 /* SWRevealViewController.m */,
			);
			name = SWRevealViewController;
			sourceTree = "<group>";
		};
/* End PBXGroup section */

/* Begin PBXNativeTarget section */
		28A533B91ACF688A0049B3F7 /* Versed */ = {
			isa = PBXNativeTarget;
			buildConfigurationList = 28A533DD1ACF688A0049B3F7 /* Build configuration list for PBXNativeTarget "Versed" */;
			buildPhases = (
				CBEAA55A84E777C8F9FC82EE /* Check Pods Manifest.lock */,
				28A533B61ACF688A0049B3F7 /* Sources */,
				28A533B71ACF688A0049B3F7 /* Frameworks */,
				28A533B81ACF688A0049B3F7 /* Resources */,
				5C5026CF2BBDC8158FC7587C /* Copy Pods Resources */,
			);
			buildRules = (
			);
			dependencies = (
			);
			name = Versed;
			productName = Stock;
			productReference = 28A533BA1ACF688A0049B3F7 /* Versed.app */;
			productType = "com.apple.product-type.application";
		};
		28A533D21ACF688A0049B3F7 /* VersedTests */ = {
			isa = PBXNativeTarget;
			buildConfigurationList = 28A533E01ACF688A0049B3F7 /* Build configuration list for PBXNativeTarget "VersedTests" */;
			buildPhases = (
				28A533CF1ACF688A0049B3F7 /* Sources */,
				28A533D01ACF688A0049B3F7 /* Frameworks */,
				28A533D11ACF688A0049B3F7 /* Resources */,
			);
			buildRules = (
			);
			dependencies = (
				28A533D51ACF688A0049B3F7 /* PBXTargetDependency */,
			);
			name = VersedTests;
			productName = StockTests;
			productReference = 28A533D31ACF688A0049B3F7 /* VersedTests.xctest */;
			productType = "com.apple.product-type.bundle.unit-test";
		};
/* End PBXNativeTarget section */

/* Begin PBXProject section */
		28A533B21ACF688A0049B3F7 /* Project object */ = {
			isa = PBXProject;
			attributes = {
				LastUpgradeCheck = 0620;
				ORGANIZATIONNAME = LXV;
				TargetAttributes = {
					28A533B91ACF688A0049B3F7 = {
						CreatedOnToolsVersion = 6.2;
					};
					28A533D21ACF688A0049B3F7 = {
						CreatedOnToolsVersion = 6.2;
						TestTargetID = 28A533B91ACF688A0049B3F7;
					};
				};
			};
			buildConfigurationList = 28A533B51ACF688A0049B3F7 /* Build configuration list for PBXProject "Versed" */;
			compatibilityVersion = "Xcode 3.2";
			developmentRegion = English;
			hasScannedForEncodings = 0;
			knownRegions = (
				en,
				Base,
			);
			mainGroup = 28A533B11ACF688A0049B3F7;
			productRefGroup = 28A533BB1ACF688A0049B3F7 /* Products */;
			projectDirPath = "";
			projectRoot = "";
			targets = (
				28A533B91ACF688A0049B3F7 /* Versed */,
				28A533D21ACF688A0049B3F7 /* VersedTests */,
			);
		};
/* End PBXProject section */

/* Begin PBXResourcesBuildPhase section */
		28A533B81ACF688A0049B3F7 /* Resources */ = {
			isa = PBXResourcesBuildPhase;
			buildActionMask = 2147483647;
			files = (
				28A533C91ACF688A0049B3F7 /* Main.storyboard in Resources */,
				28A533CE1ACF688A0049B3F7 /* LaunchScreen.xib in Resources */,
				28A5340C1AD0A64F0049B3F7 /* MobileLogin.storyboard in Resources */,
				28A534061ACF6F4E0049B3F7 /* Podfile in Resources */,
				28A533CB1ACF688A0049B3F7 /* Images.xcassets in Resources */,
			);
			runOnlyForDeploymentPostprocessing = 0;
		};
		28A533D11ACF688A0049B3F7 /* Resources */ = {
			isa = PBXResourcesBuildPhase;
			buildActionMask = 2147483647;
			files = (
			);
			runOnlyForDeploymentPostprocessing = 0;
		};
/* End PBXResourcesBuildPhase section */

/* Begin PBXShellScriptBuildPhase section */
		5C5026CF2BBDC8158FC7587C /* Copy Pods Resources */ = {
			isa = PBXShellScriptBuildPhase;
			buildActionMask = 2147483647;
			files = (
			);
			inputPaths = (
			);
			name = "Copy Pods Resources";
			outputPaths = (
			);
			runOnlyForDeploymentPostprocessing = 0;
			shellPath = /bin/sh;
			shellScript = "\"${SRCROOT}/Pods/Target Support Files/Pods/Pods-resources.sh\"\n";
			showEnvVarsInLog = 0;
		};
		CBEAA55A84E777C8F9FC82EE /* Check Pods Manifest.lock */ = {
			isa = PBXShellScriptBuildPhase;
			buildActionMask = 2147483647;
			files = (
			);
			inputPaths = (
			);
			name = "Check Pods Manifest.lock";
			outputPaths = (
			);
			runOnlyForDeploymentPostprocessing = 0;
			shellPath = /bin/sh;
			shellScript = "diff \"${PODS_ROOT}/../Podfile.lock\" \"${PODS_ROOT}/Manifest.lock\" > /dev/null\nif [[ $? != 0 ]] ; then\n    cat << EOM\nerror: The sandbox is not in sync with the Podfile.lock. Run 'pod install' or update your CocoaPods installation.\nEOM\n    exit 1\nfi\n";
			showEnvVarsInLog = 0;
		};
/* End PBXShellScriptBuildPhase section */

/* Begin PBXSourcesBuildPhase section */
		28A533B61ACF688A0049B3F7 /* Sources */ = {
			isa = PBXSourcesBuildPhase;
			buildActionMask = 2147483647;
			files = (
				28A533E91ACF697C0049B3F7 /* LXDate+RailsTimeConverter.m in Sources */,
				28A534091ACF75C70049B3F7 /* LXAddressBook.m in Sources */,
				76DB3F301B0D4058004EE88A /* NSMutableArray+Attributes.m in Sources */,
				28A533F91ACF699A0049B3F7 /* NSArray+Alphabet.m in Sources */,
				760829721B1791EC0053E29F /* VSForgotPasswordViewController.m in Sources */,
				768CE0771B026E1300E1E2E6 /* VSLoginViewController.m in Sources */,
				7666FC361B0697B000051C93 /* VSResourceTableViewCell.m in Sources */,
				768CE0711B025A9800E1E2E6 /* VSSignupViewController.m in Sources */,
				768CE0931B03EF5000E1E2E6 /* VSMyTracksViewController.m in Sources */,
				7666FC3C1B0A8EA700051C93 /* VSDailyArticlesViewController.m in Sources */,
				760829661B14C2920053E29F /* VSTokenViewController.m in Sources */,
				7636ED891B0E6AB500BD4E1A /* VSNoMissesQuizTableViewCell.m in Sources */,
				28A534011ACF69AF0049B3F7 /* UILabel+Bold.m in Sources */,
				768CE08D1B03EED500E1E2E6 /* VSSidebarViewController.m in Sources */,
				76DB3F2D1B0D3D8B004EE88A /* VSOverallResultsTableViewCell.m in Sources */,
				760F5D5C1B0BB30D0038FF1A /* VSButtonTableViewCell.m in Sources */,
				7664081E1B1E1383006272E8 /* VSCompletedTrackViewController.m in Sources */,
				28A533FA1ACF699A0049B3F7 /* NSDictionary+Attributes.m in Sources */,
				760F5D501B0B78E50038FF1A /* VSEmptyTableViewCell.m in Sources */,
				760F5D561B0BAD900038FF1A /* VSQuizAnswerTableViewCell.m in Sources */,
				7636ED8F1B0E6AFC00BD4E1A /* VSMissedQuestionTableViewCell.m in Sources */,
				768CE0961B03EF7E00E1E2E6 /* VSQuizQuestionViewController.m in Sources */,
				7666FC301B068B2300051C93 /* LXArrayObjects.m in Sources */,
				766408241B1E1AE0006272E8 /* VSSaveToMyTracksButton.m in Sources */,
				28A533EE1ACF69850049B3F7 /* LXServer.m in Sources */,
				28A534041ACF6A440049B3F7 /* LXObjects.m in Sources */,
				28A533C31ACF688A0049B3F7 /* AppDelegate.m in Sources */,
				7666FC331B0693CC00051C93 /* VSTrackViewController.m in Sources */,
				7666FC2C1B06335600051C93 /* VSTrackTableViewCell.m in Sources */,
				76DB3F271B0D2428004EE88A /* VSQuizResultsViewController.m in Sources */,
				760F5D661B0BCF4A0038FF1A /* VSQuizLandingViewController.m in Sources */,
				768CE09B1B03F05D00E1E2E6 /* SWRevealViewController.m in Sources */,
				28A533F21ACF698F0049B3F7 /* LXString+NSString.m in Sources */,
				28A534001ACF69AF0049B3F7 /* UIImage+Helpers.m in Sources */,
				760F5D531B0B7AA80038FF1A /* VSQuizQuestionTableViewCell.m in Sources */,
				768CE0901B03EF1900E1E2E6 /* VSAllTracksViewController.m in Sources */,
				760829631B14B3790053E29F /* VSQuizPreviewViewController.m in Sources */,
				28A533EF1ACF69850049B3F7 /* LXSession.m in Sources */,
				7608296C1B16466F0053E29F /* VSLeaderTableViewCell.m in Sources */,
				760829691B1641EB0053E29F /* VSDashboardViewController.m in Sources */,
				28A533FB1ACF699A0049B3F7 /* NSNumber+Helpers.m in Sources */,
				28A533C01ACF688A0049B3F7 /* main.m in Sources */,
				766408211B1E146C006272E8 /* VSUsersCompletedTrackTableViewCell.m in Sources */,
			);
			runOnlyForDeploymentPostprocessing = 0;
		};
		28A533CF1ACF688A0049B3F7 /* Sources */ = {
			isa = PBXSourcesBuildPhase;
			buildActionMask = 2147483647;
			files = (
				28A533DA1ACF688A0049B3F7 /* StockTests.m in Sources */,
			);
			runOnlyForDeploymentPostprocessing = 0;
		};
/* End PBXSourcesBuildPhase section */

/* Begin PBXTargetDependency section */
		28A533D51ACF688A0049B3F7 /* PBXTargetDependency */ = {
			isa = PBXTargetDependency;
			target = 28A533B91ACF688A0049B3F7 /* Versed */;
			targetProxy = 28A533D41ACF688A0049B3F7 /* PBXContainerItemProxy */;
		};
/* End PBXTargetDependency section */

/* Begin PBXVariantGroup section */
		28A533C71ACF688A0049B3F7 /* Main.storyboard */ = {
			isa = PBXVariantGroup;
			children = (
				28A533C81ACF688A0049B3F7 /* Base */,
			);
			name = Main.storyboard;
			sourceTree = "<group>";
		};
		28A533CC1ACF688A0049B3F7 /* LaunchScreen.xib */ = {
			isa = PBXVariantGroup;
			children = (
				28A533CD1ACF688A0049B3F7 /* Base */,
			);
			name = LaunchScreen.xib;
			sourceTree = "<group>";
		};
/* End PBXVariantGroup section */

/* Begin XCBuildConfiguration section */
		28A533DB1ACF688A0049B3F7 /* Debug */ = {
			isa = XCBuildConfiguration;
			buildSettings = {
				ALWAYS_SEARCH_USER_PATHS = NO;
				CLANG_CXX_LANGUAGE_STANDARD = "gnu++0x";
				CLANG_CXX_LIBRARY = "libc++";
				CLANG_ENABLE_MODULES = YES;
				CLANG_ENABLE_OBJC_ARC = YES;
				CLANG_WARN_BOOL_CONVERSION = YES;
				CLANG_WARN_CONSTANT_CONVERSION = YES;
				CLANG_WARN_DIRECT_OBJC_ISA_USAGE = YES_ERROR;
				CLANG_WARN_EMPTY_BODY = YES;
				CLANG_WARN_ENUM_CONVERSION = YES;
				CLANG_WARN_INT_CONVERSION = YES;
				CLANG_WARN_OBJC_ROOT_CLASS = YES_ERROR;
				CLANG_WARN_UNREACHABLE_CODE = YES;
				CLANG_WARN__DUPLICATE_METHOD_MATCH = YES;
				"CODE_SIGN_IDENTITY[sdk=iphoneos*]" = "iPhone Developer";
				COPY_PHASE_STRIP = NO;
				ENABLE_STRICT_OBJC_MSGSEND = YES;
				GCC_C_LANGUAGE_STANDARD = gnu99;
				GCC_DYNAMIC_NO_PIC = NO;
				GCC_OPTIMIZATION_LEVEL = 0;
				GCC_PREPROCESSOR_DEFINITIONS = (
					"DEBUG=1",
					"$(inherited)",
				);
				GCC_SYMBOLS_PRIVATE_EXTERN = NO;
				GCC_WARN_64_TO_32_BIT_CONVERSION = YES;
				GCC_WARN_ABOUT_RETURN_TYPE = YES_ERROR;
				GCC_WARN_UNDECLARED_SELECTOR = YES;
				GCC_WARN_UNINITIALIZED_AUTOS = YES_AGGRESSIVE;
				GCC_WARN_UNUSED_FUNCTION = YES;
				GCC_WARN_UNUSED_VARIABLE = YES;
				IPHONEOS_DEPLOYMENT_TARGET = 8.0;
				MTL_ENABLE_DEBUG_INFO = YES;
				ONLY_ACTIVE_ARCH = YES;
				SDKROOT = iphoneos;
			};
			name = Debug;
		};
		28A533DC1ACF688A0049B3F7 /* Release */ = {
			isa = XCBuildConfiguration;
			buildSettings = {
				ALWAYS_SEARCH_USER_PATHS = NO;
				CLANG_CXX_LANGUAGE_STANDARD = "gnu++0x";
				CLANG_CXX_LIBRARY = "libc++";
				CLANG_ENABLE_MODULES = YES;
				CLANG_ENABLE_OBJC_ARC = YES;
				CLANG_WARN_BOOL_CONVERSION = YES;
				CLANG_WARN_CONSTANT_CONVERSION = YES;
				CLANG_WARN_DIRECT_OBJC_ISA_USAGE = YES_ERROR;
				CLANG_WARN_EMPTY_BODY = YES;
				CLANG_WARN_ENUM_CONVERSION = YES;
				CLANG_WARN_INT_CONVERSION = YES;
				CLANG_WARN_OBJC_ROOT_CLASS = YES_ERROR;
				CLANG_WARN_UNREACHABLE_CODE = YES;
				CLANG_WARN__DUPLICATE_METHOD_MATCH = YES;
				"CODE_SIGN_IDENTITY[sdk=iphoneos*]" = "iPhone Developer";
				COPY_PHASE_STRIP = NO;
				ENABLE_NS_ASSERTIONS = NO;
				ENABLE_STRICT_OBJC_MSGSEND = YES;
				GCC_C_LANGUAGE_STANDARD = gnu99;
				GCC_WARN_64_TO_32_BIT_CONVERSION = YES;
				GCC_WARN_ABOUT_RETURN_TYPE = YES_ERROR;
				GCC_WARN_UNDECLARED_SELECTOR = YES;
				GCC_WARN_UNINITIALIZED_AUTOS = YES_AGGRESSIVE;
				GCC_WARN_UNUSED_FUNCTION = YES;
				GCC_WARN_UNUSED_VARIABLE = YES;
				IPHONEOS_DEPLOYMENT_TARGET = 8.0;
				MTL_ENABLE_DEBUG_INFO = NO;
				SDKROOT = iphoneos;
				VALIDATE_PRODUCT = YES;
			};
			name = Release;
		};
		28A533DE1ACF688A0049B3F7 /* Debug */ = {
			isa = XCBuildConfiguration;
			baseConfigurationReference = 832108382003574B881C950B /* Pods.debug.xcconfig */;
			buildSettings = {
				ASSETCATALOG_COMPILER_APPICON_NAME = AppIcon;
				CODE_SIGN_IDENTITY = "iPhone Developer";
				GCC_PRECOMPILE_PREFIX_HEADER = YES;
				GCC_PREFIX_HEADER = "$(SRCROOT)/Stock/App-Prefix.pch";
				INFOPLIST_FILE = Stock/Info.plist;
				IPHONEOS_DEPLOYMENT_TARGET = 8.0;
				LD_RUNPATH_SEARCH_PATHS = "$(inherited) @executable_path/Frameworks";
				PRODUCT_NAME = Versed;
			};
			name = Debug;
		};
		28A533DF1ACF688A0049B3F7 /* Release */ = {
			isa = XCBuildConfiguration;
			baseConfigurationReference = 482B486F1AD55514B9E2B5F0 /* Pods.release.xcconfig */;
			buildSettings = {
				ASSETCATALOG_COMPILER_APPICON_NAME = AppIcon;
				CODE_SIGN_IDENTITY = "iPhone Developer";
				GCC_PRECOMPILE_PREFIX_HEADER = YES;
				GCC_PREFIX_HEADER = "$(SRCROOT)/Stock/App-Prefix.pch";
				INFOPLIST_FILE = Stock/Info.plist;
				IPHONEOS_DEPLOYMENT_TARGET = 8.0;
				LD_RUNPATH_SEARCH_PATHS = "$(inherited) @executable_path/Frameworks";
				PRODUCT_NAME = Versed;
			};
			name = Release;
		};
		28A533E11ACF688A0049B3F7 /* Debug */ = {
			isa = XCBuildConfiguration;
			buildSettings = {
				BUNDLE_LOADER = "$(TEST_HOST)";
				FRAMEWORK_SEARCH_PATHS = (
					"$(SDKROOT)/Developer/Library/Frameworks",
					"$(inherited)",
				);
				GCC_PREPROCESSOR_DEFINITIONS = (
					"DEBUG=1",
					"$(inherited)",
				);
				INFOPLIST_FILE = StockTests/Info.plist;
				LD_RUNPATH_SEARCH_PATHS = "$(inherited) @executable_path/Frameworks @loader_path/Frameworks";
				PRODUCT_NAME = VersedTests;
				TEST_HOST = "$(BUILT_PRODUCTS_DIR)/Versed.app/Versed";
			};
			name = Debug;
		};
		28A533E21ACF688A0049B3F7 /* Release */ = {
			isa = XCBuildConfiguration;
			buildSettings = {
				BUNDLE_LOADER = "$(TEST_HOST)";
				FRAMEWORK_SEARCH_PATHS = (
					"$(SDKROOT)/Developer/Library/Frameworks",
					"$(inherited)",
				);
				INFOPLIST_FILE = StockTests/Info.plist;
				LD_RUNPATH_SEARCH_PATHS = "$(inherited) @executable_path/Frameworks @loader_path/Frameworks";
				PRODUCT_NAME = VersedTests;
				TEST_HOST = "$(BUILT_PRODUCTS_DIR)/Versed.app/Versed";
			};
			name = Release;
		};
/* End XCBuildConfiguration section */

/* Begin XCConfigurationList section */
		28A533B51ACF688A0049B3F7 /* Build configuration list for PBXProject "Versed" */ = {
			isa = XCConfigurationList;
			buildConfigurations = (
				28A533DB1ACF688A0049B3F7 /* Debug */,
				28A533DC1ACF688A0049B3F7 /* Release */,
			);
			defaultConfigurationIsVisible = 0;
			defaultConfigurationName = Release;
		};
		28A533DD1ACF688A0049B3F7 /* Build configuration list for PBXNativeTarget "Versed" */ = {
			isa = XCConfigurationList;
			buildConfigurations = (
				28A533DE1ACF688A0049B3F7 /* Debug */,
				28A533DF1ACF688A0049B3F7 /* Release */,
			);
			defaultConfigurationIsVisible = 0;
			defaultConfigurationName = Release;
		};
		28A533E01ACF688A0049B3F7 /* Build configuration list for PBXNativeTarget "VersedTests" */ = {
			isa = XCConfigurationList;
			buildConfigurations = (
				28A533E11ACF688A0049B3F7 /* Debug */,
				28A533E21ACF688A0049B3F7 /* Release */,
			);
			defaultConfigurationIsVisible = 0;
			defaultConfigurationName = Release;
		};
/* End XCConfigurationList section */
	};
	rootObject = 28A533B21ACF688A0049B3F7 /* Project object */;
}
